
Microsoft Visual Studio Solution File, Format Version 12.00
# Visual Studio Version 17
VisualStudioVersion = 17.14.36616.10
MinimumVisualStudioVersion = 10.0.40219.1
Project("{8BC9CEB8-8B4A-11D0-8D11-00A0C91BC942}") = "this_project_here", "this_project_here\this_project_here.vcxproj", "{2CE1C2E4-2DB9-4772-A669-DFEE8388A2DD}"
EndProject
Project("{8BC9CEB8-8B4A-11D0-8D11-00A0C91BC942}") = "Triangle_lib", "Triangle_lib\Triangle_lib.vcxproj", "{772BB77D-C3F6-4A36-B801-D66694BB22F8}"
EndProject
Project("{8BC9CEB8-8B4A-11D0-8D11-00A0C91BC942}") = "Tests", "Tests\Tests.vcxproj", "{D092AB30-5149-4FD9-926C-1512AA25A58B}"
EndProject
Global
	GlobalSection(SolutionConfigurationPlatforms) = preSolution
		Debug|x64 = Debug|x64
		Debug|x86 = Debug|x86
		Release|x64 = Release|x64
		Release|x86 = Release|x86
	EndGlobalSection
	GlobalSection(ProjectConfigurationPlatforms) = postSolution
		{2CE1C2E4-2DB9-4772-A669-DFEE8388A2DD}.Debug|x64.ActiveCfg = Debug|x64
		{2CE1C2E4-2DB9-4772-A669-DFEE8388A2DD}.Debug|x64.Build.0 = Debug|x64
		{2CE1C2E4-2DB9-4772-A669-DFEE8388A2DD}.Debug|x86.ActiveCfg = Debug|Win32
		{2CE1C2E4-2DB9-4772-A669-DFEE8388A2DD}.Debug|x86.Build.0 = Debug|Win32
		{2CE1C2E4-2DB9-4772-A669-DFEE8388A2DD}.Release|x64.ActiveCfg = Release|x64
		{2CE1C2E4-2DB9-4772-A669-DFEE8388A2DD}.Release|x64.Build.0 = Release|x64
		{2CE1C2E4-2DB9-4772-A669-DFEE8388A2DD}.Release|x86.ActiveCfg = Release|Win32
		{2CE1C2E4-2DB9-4772-A669-DFEE8388A2DD}.Release|x86.Build.0 = Release|Win32
		{772BB77D-C3F6-4A36-B801-D66694BB22F8}.Debug|x64.ActiveCfg = Debug|x64
		{772BB77D-C3F6-4A36-B801-D66694BB22F8}.Debug|x64.Build.0 = Debug|x64
		{772BB77D-C3F6-4A36-B801-D66694BB22F8}.Debug|x86.ActiveCfg = Debug|Win32
		{772BB77D-C3F6-4A36-B801-D66694BB22F8}.Debug|x86.Build.0 = Debug|Win32
		{772BB77D-C3F6-4A36-B801-D66694BB22F8}.Release|x64.ActiveCfg = Release|x64
		{772BB77D-C3F6-4A36-B801-D66694BB22F8}.Release|x64.Build.0 = Release|x64
		{772BB77D-C3F6-4A36-B801-D66694BB22F8}.Release|x86.ActiveCfg = Release|Win32
		{772BB77D-C3F6-4A36-B801-D66694BB22F8}.Release|x86.Build.0 = Release|Win32
		{D092AB30-5149-4FD9-926C-1512AA25A58B}.Debug|x64.ActiveCfg = Debug|x64
		{D092AB30-5149-4FD9-926C-1512AA25A58B}.Debug|x64.Build.0 = Debug|x64
		{D092AB30-5149-4FD9-926C-1512AA25A58B}.Debug|x86.ActiveCfg = Debug|Win32
		{D092AB30-5149-4FD9-926C-1512AA25A58B}.Debug|x86.Build.0 = Debug|Win32
		{D092AB30-5149-4FD9-926C-1512AA25A58B}.Release|x64.ActiveCfg = Release|x64
		{D092AB30-5149-4FD9-926C-1512AA25A58B}.Release|x64.Build.0 = Release|x64
		{D092AB30-5149-4FD9-926C-1512AA25A58B}.Release|x86.ActiveCfg = Release|Win32
		{D092AB30-5149-4FD9-926C-1512AA25A58B}.Release|x86.Build.0 = Release|Win32
	EndGlobalSection
	GlobalSection(SolutionProperties) = preSolution
		HideSolutionNode = FALSE
	EndGlobalSection
	GlobalSection(ExtensibilityGlobals) = postSolution
		SolutionGuid = {3710ECAF-DF18-4962-A221-6BA3CAF3156A}
	EndGlobalSection
EndGlobal
